
Microsoft Visual Studio Solution File, Format Version 12.00
# Visual Studio Version 16
VisualStudioVersion = 16.0.31702.278
MinimumVisualStudioVersion = 10.0.40219.1
Project("{8BC9CEB8-8B4A-11D0-8D11-00A0C91BC942}") = "Laba6", "Laba6.vcxproj", "{FF580449-67D7-44B1-A97E-20E31DC21749}"
EndProject
Global
	GlobalSection(SolutionConfigurationPlatforms) = preSolution
		Debug|x64 = Debug|x64
		Debug|x86 = Debug|x86
		Release|x64 = Release|x64
		Release|x86 = Release|x86
	EndGlobalSection
	GlobalSection(ProjectConfigurationPlatforms) = postSolution
		{FF580449-67D7-44B1-A97E-20E31DC21749}.Debug|x64.ActiveCfg = Debug|x64
		{FF580449-67D7-44B1-A97E-20E31DC21749}.Debug|x64.Build.0 = Debug|x64
		{FF580449-67D7-44B1-A97E-20E31DC21749}.Debug|x86.ActiveCfg = Debug|Win32
		{FF580449-67D7-44B1-A97E-20E31DC21749}.Debug|x86.Build.0 = Debug|Win32
		{FF580449-67D7-44B1-A97E-20E31DC21749}.Release|x64.ActiveCfg = Release|x64
		{FF580449-67D7-44B1-A97E-20E31DC21749}.Release|x64.Build.0 = Release|x64
		{FF580449-67D7-44B1-A97E-20E31DC21749}.Release|x86.ActiveCfg = Release|Win32
		{FF580449-67D7-44B1-A97E-20E31DC21749}.Release|x86.Build.0 = Release|Win32
	EndGlobalSection
	GlobalSection(SolutionProperties) = preSolution
		HideSolutionNode = FALSE
	EndGlobalSection
	GlobalSection(ExtensibilityGlobals) = postSolution
		SolutionGuid = {C7E2A562-3B65-42BB-AD5E-28F5959C7765}
	EndGlobalSection
EndGlobal
